
Microsoft Visual Studio Solution File, Format Version 12.00
# Visual Studio Version 16
VisualStudioVersion = 16.0.28902.138
MinimumVisualStudioVersion = 10.0.40219.1
Project("{9A19103F-16F7-4668-BE54-9A1E7A4F7556}") = "WebApplication1", "WebApplication1\WebApplication1.csproj", "{35F9A6A5-EB19-4805-B478-A05E70F7EC31}"
EndProject
Project("{9A19103F-16F7-4668-BE54-9A1E7A4F7556}") = "mvcPrueba", "mvcPrueba\mvcPrueba.csproj", "{BEA4FBB6-E290-41F4-85AB-562B135C3EDB}"
EndProject
Project("{FAE04EC0-301F-11D3-BF4B-00C04F79EFBC}") = "WebApplication2", "WebApplication2\WebApplication2.csproj", "{C8477BA8-3B43-409B-998D-F34E81F49ECD}"
EndProject
Global
	GlobalSection(SolutionConfigurationPlatforms) = preSolution
		Debug|Any CPU = Debug|Any CPU
		Release|Any CPU = Release|Any CPU
	EndGlobalSection
	GlobalSection(ProjectConfigurationPlatforms) = postSolution
		{35F9A6A5-EB19-4805-B478-A05E70F7EC31}.Debug|Any CPU.ActiveCfg = Debug|Any CPU
		{35F9A6A5-EB19-4805-B478-A05E70F7EC31}.Debug|Any CPU.Build.0 = Debug|Any CPU
		{35F9A6A5-EB19-4805-B478-A05E70F7EC31}.Release|Any CPU.ActiveCfg = Release|Any CPU
		{35F9A6A5-EB19-4805-B478-A05E70F7EC31}.Release|Any CPU.Build.0 = Release|Any CPU
		{BEA4FBB6-E290-41F4-85AB-562B135C3EDB}.Debug|Any CPU.ActiveCfg = Debug|Any CPU
		{BEA4FBB6-E290-41F4-85AB-562B135C3EDB}.Debug|Any CPU.Build.0 = Debug|Any CPU
		{BEA4FBB6-E290-41F4-85AB-562B135C3EDB}.Release|Any CPU.ActiveCfg = Release|Any CPU
		{BEA4FBB6-E290-41F4-85AB-562B135C3EDB}.Release|Any CPU.Build.0 = Release|Any CPU
		{C8477BA8-3B43-409B-998D-F34E81F49ECD}.Debug|Any CPU.ActiveCfg = Debug|Any CPU
		{C8477BA8-3B43-409B-998D-F34E81F49ECD}.Debug|Any CPU.Build.0 = Debug|Any CPU
		{C8477BA8-3B43-409B-998D-F34E81F49ECD}.Release|Any CPU.ActiveCfg = Release|Any CPU
		{C8477BA8-3B43-409B-998D-F34E81F49ECD}.Release|Any CPU.Build.0 = Release|Any CPU
	EndGlobalSection
	GlobalSection(SolutionProperties) = preSolution
		HideSolutionNode = FALSE
	EndGlobalSection
	GlobalSection(ExtensibilityGlobals) = postSolution
		SolutionGuid = {076CD708-9E84-4D88-9E51-DF126FDE63C2}
	EndGlobalSection
EndGlobal
